// !$*UTF8*$!
{
	archiveVersion = 1;
	classes = {
	};
	objectVersion = 46;
	objects = {

/* Begin PBXBuildFile section */
		CEB229101A2121FE00ED6B81 /* main.m in Sources */ = {isa = PBXBuildFile; fileRef = CEB2290F1A2121FE00ED6B81 /* main.m */; };
		CEB229131A2121FE00ED6B81 /* AppDelegate.m in Sources */ = {isa = PBXBuildFile; fileRef = CEB229121A2121FE00ED6B81 /* AppDelegate.m */; };
		CEB229161A2121FE00ED6B81 /* ViewController.m in Sources */ = {isa = PBXBuildFile; fileRef = CEB229151A2121FE00ED6B81 /* ViewController.m */; };
		CEB229191A2121FE00ED6B81 /* Main.storyboard in Resources */ = {isa = PBXBuildFile; fileRef = CEB229171A2121FE00ED6B81 /* Main.storyboard */; };
		CEB2291B1A2121FE00ED6B81 /* Images.xcassets in Resources */ = {isa = PBXBuildFile; fileRef = CEB2291A1A2121FE00ED6B81 /* Images.xcassets */; };
		CEB2291E1A2121FE00ED6B81 /* LaunchScreen.xib in Resources */ = {isa = PBXBuildFile; fileRef = CEB2291C1A2121FE00ED6B81 /* LaunchScreen.xib */; };
		CEB2292A1A2121FE00ED6B81 /* WristCommsTests.m in Sources */ = {isa = PBXBuildFile; fileRef = CEB229291A2121FE00ED6B81 /* WristCommsTests.m */; };
		CEB2293A1A21222300ED6B81 /* WatchKit.framework in Frameworks */ = {isa = PBXBuildFile; fileRef = CEB229391A21222300ED6B81 /* WatchKit.framework */; };
		CEB229401A21222300ED6B81 /* InterfaceController.m in Sources */ = {isa = PBXBuildFile; fileRef = CEB2293F1A21222300ED6B81 /* InterfaceController.m */; };
		CEB229421A21222300ED6B81 /* Images.xcassets in Resources */ = {isa = PBXBuildFile; fileRef = CEB229411A21222300ED6B81 /* Images.xcassets */; };
		CEB229461A21222300ED6B81 /* WristComms Watch App.app in Resources */ = {isa = PBXBuildFile; fileRef = CEB229451A21222300ED6B81 /* WristComms Watch App.app */; };
		CEB2294D1A21222300ED6B81 /* Interface.storyboard in Resources */ = {isa = PBXBuildFile; fileRef = CEB2294C1A21222300ED6B81 /* Interface.storyboard */; };
		CEB2294F1A21222300ED6B81 /* Images.xcassets in Resources */ = {isa = PBXBuildFile; fileRef = CEB2294E1A21222300ED6B81 /* Images.xcassets */; };
		CEB229521A21222300ED6B81 /* WristComms WatchKit Extension.appex in Embed App Extensions */ = {isa = PBXBuildFile; fileRef = CEB229371A21222300ED6B81 /* WristComms WatchKit Extension.appex */; settings = {ATTRIBUTES = (RemoveHeadersOnCopy, ); }; };
/* End PBXBuildFile section */

/* Begin PBXContainerItemProxy section */
		CEB229241A2121FE00ED6B81 /* PBXContainerItemProxy */ = {
			isa = PBXContainerItemProxy;
			containerPortal = CEB229021A2121FE00ED6B81 /* Project object */;
			proxyType = 1;
			remoteGlobalIDString = CEB229091A2121FE00ED6B81;
			remoteInfo = WristComms;
		};
		CEB229471A21222300ED6B81 /* PBXContainerItemProxy */ = {
			isa = PBXContainerItemProxy;
			containerPortal = CEB229021A2121FE00ED6B81 /* Project object */;
			proxyType = 1;
			remoteGlobalIDString = CEB229441A21222300ED6B81;
			remoteInfo = "WristComms Watch App";
		};
		CEB229501A21222300ED6B81 /* PBXContainerItemProxy */ = {
			isa = PBXContainerItemProxy;
			containerPortal = CEB229021A2121FE00ED6B81 /* Project object */;
			proxyType = 1;
			remoteGlobalIDString = CEB229361A21222300ED6B81;
			remoteInfo = "WristComms WatchKit Extension";
		};
/* End PBXContainerItemProxy section */

/* Begin PBXCopyFilesBuildPhase section */
		CEB229591A21222300ED6B81 /* Embed App Extensions */ = {
			isa = PBXCopyFilesBuildPhase;
			buildActionMask = 2147483647;
			dstPath = "";
			dstSubfolderSpec = 13;
			files = (
				CEB229521A21222300ED6B81 /* WristComms WatchKit Extension.appex in Embed App Extensions */,
			);
			name = "Embed App Extensions";
			runOnlyForDeploymentPostprocessing = 0;
		};
/* End PBXCopyFilesBuildPhase section */

/* Begin PBXFileReference section */
		CEB2290A1A2121FE00ED6B81 /* WristComms.app */ = {isa = PBXFileReference; explicitFileType = wrapper.application; includeInIndex = 0; path = WristComms.app; sourceTree = BUILT_PRODUCTS_DIR; };
		CEB2290E1A2121FE00ED6B81 /* Info.plist */ = {isa = PBXFileReference; lastKnownFileType = text.plist.xml; path = Info.plist; sourceTree = "<group>"; };
		CEB2290F1A2121FE00ED6B81 /* main.m */ = {isa = PBXFileReference; lastKnownFileType = sourcecode.c.objc; path = main.m; sourceTree = "<group>"; };
		CEB229111A2121FE00ED6B81 /* AppDelegate.h */ = {isa = PBXFileReference; lastKnownFileType = sourcecode.c.h; path = AppDelegate.h; sourceTree = "<group>"; };
		CEB229121A2121FE00ED6B81 /* AppDelegate.m */ = {isa = PBXFileReference; lastKnownFileType = sourcecode.c.objc; path = AppDelegate.m; sourceTree = "<group>"; };
		CEB229141A2121FE00ED6B81 /* ViewController.h */ = {isa = PBXFileReference; lastKnownFileType = sourcecode.c.h; path = ViewController.h; sourceTree = "<group>"; };
		CEB229151A2121FE00ED6B81 /* ViewController.m */ = {isa = PBXFileReference; lastKnownFileType = sourcecode.c.objc; path = ViewController.m; sourceTree = "<group>"; };
		CEB229181A2121FE00ED6B81 /* Base */ = {isa = PBXFileReference; lastKnownFileType = file.storyboard; name = Base; path = Base.lproj/Main.storyboard; sourceTree = "<group>"; };
		CEB2291A1A2121FE00ED6B81 /* Images.xcassets */ = {isa = PBXFileReference; lastKnownFileType = folder.assetcatalog; path = Images.xcassets; sourceTree = "<group>"; };
		CEB2291D1A2121FE00ED6B81 /* Base */ = {isa = PBXFileReference; lastKnownFileType = file.xib; name = Base; path = Base.lproj/LaunchScreen.xib; sourceTree = "<group>"; };
		CEB229231A2121FE00ED6B81 /* WristCommsTests.xctest */ = {isa = PBXFileReference; explicitFileType = wrapper.cfbundle; includeInIndex = 0; path = WristCommsTests.xctest; sourceTree = BUILT_PRODUCTS_DIR; };
		CEB229281A2121FE00ED6B81 /* Info.plist */ = {isa = PBXFileReference; lastKnownFileType = text.plist.xml; path = Info.plist; sourceTree = "<group>"; };
		CEB229291A2121FE00ED6B81 /* WristCommsTests.m */ = {isa = PBXFileReference; lastKnownFileType = sourcecode.c.objc; path = WristCommsTests.m; sourceTree = "<group>"; };
		CEB229371A21222300ED6B81 /* WristComms WatchKit Extension.appex */ = {isa = PBXFileReference; explicitFileType = "wrapper.app-extension"; includeInIndex = 0; path = "WristComms WatchKit Extension.appex"; sourceTree = BUILT_PRODUCTS_DIR; };
		CEB229391A21222300ED6B81 /* WatchKit.framework */ = {isa = PBXFileReference; lastKnownFileType = wrapper.framework; name = WatchKit.framework; path = System/Library/Frameworks/WatchKit.framework; sourceTree = SDKROOT; };
		CEB2293D1A21222300ED6B81 /* Info.plist */ = {isa = PBXFileReference; lastKnownFileType = text.plist.xml; path = Info.plist; sourceTree = "<group>"; };
		CEB2293E1A21222300ED6B81 /* InterfaceController.h */ = {isa = PBXFileReference; lastKnownFileType = sourcecode.c.h; path = InterfaceController.h; sourceTree = "<group>"; };
		CEB2293F1A21222300ED6B81 /* InterfaceController.m */ = {isa = PBXFileReference; lastKnownFileType = sourcecode.c.objc; path = InterfaceController.m; sourceTree = "<group>"; };
		CEB229411A21222300ED6B81 /* Images.xcassets */ = {isa = PBXFileReference; lastKnownFileType = folder.assetcatalog; path = Images.xcassets; sourceTree = "<group>"; };
		CEB229451A21222300ED6B81 /* WristComms Watch App.app */ = {isa = PBXFileReference; explicitFileType = wrapper.application; includeInIndex = 0; path = "WristComms Watch App.app"; sourceTree = BUILT_PRODUCTS_DIR; };
		CEB2294B1A21222300ED6B81 /* Info.plist */ = {isa = PBXFileReference; lastKnownFileType = text.plist.xml; path = Info.plist; sourceTree = "<group>"; };
		CEB2294C1A21222300ED6B81 /* Interface.storyboard */ = {isa = PBXFileReference; lastKnownFileType = file.storyboard; path = Interface.storyboard; sourceTree = "<group>"; };
		CEB2294E1A21222300ED6B81 /* Images.xcassets */ = {isa = PBXFileReference; lastKnownFileType = folder.assetcatalog; path = Images.xcassets; sourceTree = "<group>"; };
		CEB2295A1A21270300ED6B81 /* WristComms.entitlements */ = {isa = PBXFileReference; lastKnownFileType = text.xml; path = WristComms.entitlements; sourceTree = "<group>"; };
		CEB2295B1A21276700ED6B81 /* WristComms WatchKit Extension.entitlements */ = {isa = PBXFileReference; lastKnownFileType = text.xml; path = "WristComms WatchKit Extension.entitlements"; sourceTree = "<group>"; };
/* End PBXFileReference section */

/* Begin PBXFrameworksBuildPhase section */
		CEB229071A2121FE00ED6B81 /* Frameworks */ = {
			isa = PBXFrameworksBuildPhase;
			buildActionMask = 2147483647;
			files = (
			);
			runOnlyForDeploymentPostprocessing = 0;
		};
		CEB229201A2121FE00ED6B81 /* Frameworks */ = {
			isa = PBXFrameworksBuildPhase;
			buildActionMask = 2147483647;
			files = (
			);
			runOnlyForDeploymentPostprocessing = 0;
		};
		CEB229341A21222300ED6B81 /* Frameworks */ = {
			isa = PBXFrameworksBuildPhase;
			buildActionMask = 2147483647;
			files = (
				CEB2293A1A21222300ED6B81 /* WatchKit.framework in Frameworks */,
			);
			runOnlyForDeploymentPostprocessing = 0;
		};
/* End PBXFrameworksBuildPhase section */

/* Begin PBXGroup section */
		CEB229011A2121FE00ED6B81 = {
			isa = PBXGroup;
			children = (
				CEB2290C1A2121FE00ED6B81 /* WristComms */,
				CEB229261A2121FE00ED6B81 /* WristCommsTests */,
				CEB2293B1A21222300ED6B81 /* WristComms WatchKit Extension */,
				CEB229491A21222300ED6B81 /* WristComms Watch App */,
				CEB229381A21222300ED6B81 /* Frameworks */,
				CEB2290B1A2121FE00ED6B81 /* Products */,
			);
			sourceTree = "<group>";
		};
		CEB2290B1A2121FE00ED6B81 /* Products */ = {
			isa = PBXGroup;
			children = (
				CEB2290A1A2121FE00ED6B81 /* WristComms.app */,
				CEB229231A2121FE00ED6B81 /* WristCommsTests.xctest */,
				CEB229371A21222300ED6B81 /* WristComms WatchKit Extension.appex */,
				CEB229451A21222300ED6B81 /* WristComms Watch App.app */,
			);
			name = Products;
			sourceTree = "<group>";
		};
		CEB2290C1A2121FE00ED6B81 /* WristComms */ = {
			isa = PBXGroup;
			children = (
				CEB2295A1A21270300ED6B81 /* WristComms.entitlements */,
				CEB229111A2121FE00ED6B81 /* AppDelegate.h */,
				CEB229121A2121FE00ED6B81 /* AppDelegate.m */,
				CEB229141A2121FE00ED6B81 /* ViewController.h */,
				CEB229151A2121FE00ED6B81 /* ViewController.m */,
				CEB229171A2121FE00ED6B81 /* Main.storyboard */,
				CEB2291A1A2121FE00ED6B81 /* Images.xcassets */,
				CEB2291C1A2121FE00ED6B81 /* LaunchScreen.xib */,
				CEB2290D1A2121FE00ED6B81 /* Supporting Files */,
			);
			path = WristComms;
			sourceTree = "<group>";
		};
		CEB2290D1A2121FE00ED6B81 /* Supporting Files */ = {
			isa = PBXGroup;
			children = (
				CEB2290E1A2121FE00ED6B81 /* Info.plist */,
				CEB2290F1A2121FE00ED6B81 /* main.m */,
			);
			name = "Supporting Files";
			sourceTree = "<group>";
		};
		CEB229261A2121FE00ED6B81 /* WristCommsTests */ = {
			isa = PBXGroup;
			children = (
				CEB229291A2121FE00ED6B81 /* WristCommsTests.m */,
				CEB229271A2121FE00ED6B81 /* Supporting Files */,
			);
			path = WristCommsTests;
			sourceTree = "<group>";
		};
		CEB229271A2121FE00ED6B81 /* Supporting Files */ = {
			isa = PBXGroup;
			children = (
				CEB229281A2121FE00ED6B81 /* Info.plist */,
			);
			name = "Supporting Files";
			sourceTree = "<group>";
		};
		CEB229381A21222300ED6B81 /* Frameworks */ = {
			isa = PBXGroup;
			children = (
				CEB229391A21222300ED6B81 /* WatchKit.framework */,
			);
			name = Frameworks;
			sourceTree = "<group>";
		};
		CEB2293B1A21222300ED6B81 /* WristComms WatchKit Extension */ = {
			isa = PBXGroup;
			children = (
				CEB2295B1A21276700ED6B81 /* WristComms WatchKit Extension.entitlements */,
				CEB2293E1A21222300ED6B81 /* InterfaceController.h */,
				CEB2293F1A21222300ED6B81 /* InterfaceController.m */,
				CEB229411A21222300ED6B81 /* Images.xcassets */,
				CEB2293C1A21222300ED6B81 /* Supporting Files */,
			);
			path = "WristComms WatchKit Extension";
			sourceTree = "<group>";
		};
		CEB2293C1A21222300ED6B81 /* Supporting Files */ = {
			isa = PBXGroup;
			children = (
				CEB2293D1A21222300ED6B81 /* Info.plist */,
			);
			name = "Supporting Files";
			sourceTree = "<group>";
		};
		CEB229491A21222300ED6B81 /* WristComms Watch App */ = {
			isa = PBXGroup;
			children = (
				CEB2294C1A21222300ED6B81 /* Interface.storyboard */,
				CEB2294E1A21222300ED6B81 /* Images.xcassets */,
				CEB2294A1A21222300ED6B81 /* Supporting Files */,
			);
			path = "WristComms Watch App";
			sourceTree = "<group>";
		};
		CEB2294A1A21222300ED6B81 /* Supporting Files */ = {
			isa = PBXGroup;
			children = (
				CEB2294B1A21222300ED6B81 /* Info.plist */,
			);
			name = "Supporting Files";
			sourceTree = "<group>";
		};
/* End PBXGroup section */

/* Begin PBXNativeTarget section */
		CEB229091A2121FE00ED6B81 /* WristComms */ = {
			isa = PBXNativeTarget;
			buildConfigurationList = CEB2292D1A2121FE00ED6B81 /* Build configuration list for PBXNativeTarget "WristComms" */;
			buildPhases = (
				CEB229061A2121FE00ED6B81 /* Sources */,
				CEB229071A2121FE00ED6B81 /* Frameworks */,
				CEB229081A2121FE00ED6B81 /* Resources */,
				CEB229591A21222300ED6B81 /* Embed App Extensions */,
			);
			buildRules = (
			);
			dependencies = (
				CEB229511A21222300ED6B81 /* PBXTargetDependency */,
			);
			name = WristComms;
			productName = WristComms;
			productReference = CEB2290A1A2121FE00ED6B81 /* WristComms.app */;
			productType = "com.apple.product-type.application";
		};
		CEB229221A2121FE00ED6B81 /* WristCommsTests */ = {
			isa = PBXNativeTarget;
			buildConfigurationList = CEB229301A2121FE00ED6B81 /* Build configuration list for PBXNativeTarget "WristCommsTests" */;
			buildPhases = (
				CEB2291F1A2121FE00ED6B81 /* Sources */,
				CEB229201A2121FE00ED6B81 /* Frameworks */,
				CEB229211A2121FE00ED6B81 /* Resources */,
			);
			buildRules = (
			);
			dependencies = (
				CEB229251A2121FE00ED6B81 /* PBXTargetDependency */,
			);
			name = WristCommsTests;
			productName = WristCommsTests;
			productReference = CEB229231A2121FE00ED6B81 /* WristCommsTests.xctest */;
			productType = "com.apple.product-type.bundle.unit-test";
		};
		CEB229361A21222300ED6B81 /* WristComms WatchKit Extension */ = {
			isa = PBXNativeTarget;
			buildConfigurationList = CEB229561A21222300ED6B81 /* Build configuration list for PBXNativeTarget "WristComms WatchKit Extension" */;
			buildPhases = (
				CEB229331A21222300ED6B81 /* Sources */,
				CEB229341A21222300ED6B81 /* Frameworks */,
				CEB229351A21222300ED6B81 /* Resources */,
			);
			buildRules = (
			);
			dependencies = (
				CEB229481A21222300ED6B81 /* PBXTargetDependency */,
			);
			name = "WristComms WatchKit Extension";
			productName = "WristComms WatchKit Extension";
			productReference = CEB229371A21222300ED6B81 /* WristComms WatchKit Extension.appex */;
			productType = "com.apple.product-type.watchkit-extension";
		};
		CEB229441A21222300ED6B81 /* WristComms Watch App */ = {
			isa = PBXNativeTarget;
			buildConfigurationList = CEB229531A21222300ED6B81 /* Build configuration list for PBXNativeTarget "WristComms Watch App" */;
			buildPhases = (
				CEB229431A21222300ED6B81 /* Resources */,
			);
			buildRules = (
			);
			dependencies = (
			);
			name = "WristComms Watch App";
			productName = "WristComms Watch App";
			productReference = CEB229451A21222300ED6B81 /* WristComms Watch App.app */;
			productType = "com.apple.product-type.application.watchapp";
		};
/* End PBXNativeTarget section */

/* Begin PBXProject section */
		CEB229021A2121FE00ED6B81 /* Project object */ = {
			isa = PBXProject;
			attributes = {
				LastUpgradeCheck = 0620;
				ORGANIZATIONNAME = "Capital One";
				TargetAttributes = {
					CEB229091A2121FE00ED6B81 = {
						CreatedOnToolsVersion = 6.2;
						DevelopmentTeam = 5T2T83LMF3;
						SystemCapabilities = {
							com.apple.ApplicationGroups.iOS = {
								enabled = 1;
							};
						};
					};
					CEB229221A2121FE00ED6B81 = {
						CreatedOnToolsVersion = 6.2;
						TestTargetID = CEB229091A2121FE00ED6B81;
					};
					CEB229361A21222300ED6B81 = {
						CreatedOnToolsVersion = 6.2;
						DevelopmentTeam = 5T2T83LMF3;
						SystemCapabilities = {
							com.apple.ApplicationGroups.iOS = {
								enabled = 1;
							};
						};
					};
					CEB229441A21222300ED6B81 = {
						CreatedOnToolsVersion = 6.2;
					};
				};
			};
			buildConfigurationList = CEB229051A2121FE00ED6B81 /* Build configuration list for PBXProject "WristComms" */;
			compatibilityVersion = "Xcode 3.2";
			developmentRegion = English;
			hasScannedForEncodings = 0;
			knownRegions = (
				en,
				Base,
			);
			mainGroup = CEB229011A2121FE00ED6B81;
			productRefGroup = CEB2290B1A2121FE00ED6B81 /* Products */;
			projectDirPath = "";
			projectRoot = "";
			targets = (
				CEB229091A2121FE00ED6B81 /* WristComms */,
				CEB229221A2121FE00ED6B81 /* WristCommsTests */,
				CEB229361A21222300ED6B81 /* WristComms WatchKit Extension */,
				CEB229441A21222300ED6B81 /* WristComms Watch App */,
			);
		};
/* End PBXProject section */

/* Begin PBXResourcesBuildPhase section */
		CEB229081A2121FE00ED6B81 /* Resources */ = {
			isa = PBXResourcesBuildPhase;
			buildActionMask = 2147483647;
			files = (
				CEB229191A2121FE00ED6B81 /* Main.storyboard in Resources */,
				CEB2291E1A2121FE00ED6B81 /* LaunchScreen.xib in Resources */,
				CEB2291B1A2121FE00ED6B81 /* Images.xcassets in Resources */,
			);
			runOnlyForDeploymentPostprocessing = 0;
		};
		CEB229211A2121FE00ED6B81 /* Resources */ = {
			isa = PBXResourcesBuildPhase;
			buildActionMask = 2147483647;
			files = (
			);
			runOnlyForDeploymentPostprocessing = 0;
		};
		CEB229351A21222300ED6B81 /* Resources */ = {
			isa = PBXResourcesBuildPhase;
			buildActionMask = 2147483647;
			files = (
				CEB229421A21222300ED6B81 /* Images.xcassets in Resources */,
				CEB229461A21222300ED6B81 /* WristComms Watch App.app in Resources */,
			);
			runOnlyForDeploymentPostprocessing = 0;
		};
		CEB229431A21222300ED6B81 /* Resources */ = {
			isa = PBXResourcesBuildPhase;
			buildActionMask = 2147483647;
			files = (
				CEB2294D1A21222300ED6B81 /* Interface.storyboard in Resources */,
				CEB2294F1A21222300ED6B81 /* Images.xcassets in Resources */,
			);
			runOnlyForDeploymentPostprocessing = 0;
		};
/* End PBXResourcesBuildPhase section */

/* Begin PBXSourcesBuildPhase section */
		CEB229061A2121FE00ED6B81 /* Sources */ = {
			isa = PBXSourcesBuildPhase;
			buildActionMask = 2147483647;
			files = (
				CEB229161A2121FE00ED6B81 /* ViewController.m in Sources */,
				CEB229131A2121FE00ED6B81 /* AppDelegate.m in Sources */,
				CEB229101A2121FE00ED6B81 /* main.m in Sources */,
			);
			runOnlyForDeploymentPostprocessing = 0;
		};
		CEB2291F1A2121FE00ED6B81 /* Sources */ = {
			isa = PBXSourcesBuildPhase;
			buildActionMask = 2147483647;
			files = (
				CEB2292A1A2121FE00ED6B81 /* WristCommsTests.m in Sources */,
			);
			runOnlyForDeploymentPostprocessing = 0;
		};
		CEB229331A21222300ED6B81 /* Sources */ = {
			isa = PBXSourcesBuildPhase;
			buildActionMask = 2147483647;
			files = (
				CEB229401A21222300ED6B81 /* InterfaceController.m in Sources */,
			);
			runOnlyForDeploymentPostprocessing = 0;
		};
/* End PBXSourcesBuildPhase section */

/* Begin PBXTargetDependency section */
		CEB229251A2121FE00ED6B81 /* PBXTargetDependency */ = {
			isa = PBXTargetDependency;
			target = CEB229091A2121FE00ED6B81 /* WristComms */;
			targetProxy = CEB229241A2121FE00ED6B81 /* PBXContainerItemProxy */;
		};
		CEB229481A21222300ED6B81 /* PBXTargetDependency */ = {
			isa = PBXTargetDependency;
			target = CEB229441A21222300ED6B81 /* WristComms Watch App */;
			targetProxy = CEB229471A21222300ED6B81 /* PBXContainerItemProxy */;
		};
		CEB229511A21222300ED6B81 /* PBXTargetDependency */ = {
			isa = PBXTargetDependency;
			target = CEB229361A21222300ED6B81 /* WristComms WatchKit Extension */;
			targetProxy = CEB229501A21222300ED6B81 /* PBXContainerItemProxy */;
		};
/* End PBXTargetDependency section */

/* Begin PBXVariantGroup section */
		CEB229171A2121FE00ED6B81 /* Main.storyboard */ = {
			isa = PBXVariantGroup;
			children = (
				CEB229181A2121FE00ED6B81 /* Base */,
			);
			name = Main.storyboard;
			sourceTree = "<group>";
		};
		CEB2291C1A2121FE00ED6B81 /* LaunchScreen.xib */ = {
			isa = PBXVariantGroup;
			children = (
				CEB2291D1A2121FE00ED6B81 /* Base */,
			);
			name = LaunchScreen.xib;
			sourceTree = "<group>";
		};
/* End PBXVariantGroup section */

/* Begin XCBuildConfiguration section */
		CEB2292B1A2121FE00ED6B81 /* Debug */ = {
			isa = XCBuildConfiguration;
			buildSettings = {
				ALWAYS_SEARCH_USER_PATHS = NO;
				CLANG_CXX_LANGUAGE_STANDARD = "gnu++0x";
				CLANG_CXX_LIBRARY = "libc++";
				CLANG_ENABLE_MODULES = YES;
				CLANG_ENABLE_OBJC_ARC = YES;
				CLANG_WARN_BOOL_CONVERSION = YES;
				CLANG_WARN_CONSTANT_CONVERSION = YES;
				CLANG_WARN_DIRECT_OBJC_ISA_USAGE = YES_ERROR;
				CLANG_WARN_EMPTY_BODY = YES;
				CLANG_WARN_ENUM_CONVERSION = YES;
				CLANG_WARN_INT_CONVERSION = YES;
				CLANG_WARN_OBJC_ROOT_CLASS = YES_ERROR;
				CLANG_WARN_UNREACHABLE_CODE = YES;
				CLANG_WARN__DUPLICATE_METHOD_MATCH = YES;
				"CODE_SIGN_IDENTITY[sdk=iphoneos*]" = "iPhone Developer";
				COPY_PHASE_STRIP = NO;
				ENABLE_STRICT_OBJC_MSGSEND = YES;
				GCC_C_LANGUAGE_STANDARD = gnu99;
				GCC_DYNAMIC_NO_PIC = NO;
				GCC_OPTIMIZATION_LEVEL = 0;
				GCC_PREPROCESSOR_DEFINITIONS = (
					"DEBUG=1",
					"$(inherited)",
				);
				GCC_SYMBOLS_PRIVATE_EXTERN = NO;
				GCC_WARN_64_TO_32_BIT_CONVERSION = YES;
				GCC_WARN_ABOUT_RETURN_TYPE = YES_ERROR;
				GCC_WARN_UNDECLARED_SELECTOR = YES;
				GCC_WARN_UNINITIALIZED_AUTOS = YES_AGGRESSIVE;
				GCC_WARN_UNUSED_FUNCTION = YES;
				GCC_WARN_UNUSED_VARIABLE = YES;
				IPHONEOS_DEPLOYMENT_TARGET = 8.2;
				MTL_ENABLE_DEBUG_INFO = YES;
				ONLY_ACTIVE_ARCH = YES;
				SDKROOT = iphoneos;
			};
			name = Debug;
		};
		CEB2292C1A2121FE00ED6B81 /* Release */ = {
			isa = XCBuildConfiguration;
			buildSettings = {
				ALWAYS_SEARCH_USER_PATHS = NO;
				CLANG_CXX_LANGUAGE_STANDARD = "gnu++0x";
				CLANG_CXX_LIBRARY = "libc++";
				CLANG_ENABLE_MODULES = YES;
				CLANG_ENABLE_OBJC_ARC = YES;
				CLANG_WARN_BOOL_CONVERSION = YES;
				CLANG_WARN_CONSTANT_CONVERSION = YES;
				CLANG_WARN_DIRECT_OBJC_ISA_USAGE = YES_ERROR;
				CLANG_WARN_EMPTY_BODY = YES;
				CLANG_WARN_ENUM_CONVERSION = YES;
				CLANG_WARN_INT_CONVERSION = YES;
				CLANG_WARN_OBJC_ROOT_CLASS = YES_ERROR;
				CLANG_WARN_UNREACHABLE_CODE = YES;
				CLANG_WARN__DUPLICATE_METHOD_MATCH = YES;
				"CODE_SIGN_IDENTITY[sdk=iphoneos*]" = "iPhone Developer";
				COPY_PHASE_STRIP = YES;
				ENABLE_NS_ASSERTIONS = NO;
				ENABLE_STRICT_OBJC_MSGSEND = YES;
				GCC_C_LANGUAGE_STANDARD = gnu99;
				GCC_WARN_64_TO_32_BIT_CONVERSION = YES;
				GCC_WARN_ABOUT_RETURN_TYPE = YES_ERROR;
				GCC_WARN_UNDECLARED_SELECTOR = YES;
				GCC_WARN_UNINITIALIZED_AUTOS = YES_AGGRESSIVE;
				GCC_WARN_UNUSED_FUNCTION = YES;
				GCC_WARN_UNUSED_VARIABLE = YES;
				IPHONEOS_DEPLOYMENT_TARGET = 8.2;
				MTL_ENABLE_DEBUG_INFO = NO;
				SDKROOT = iphoneos;
				VALIDATE_PRODUCT = YES;
			};
			name = Release;
		};
		CEB2292E1A2121FE00ED6B81 /* Debug */ = {
			isa = XCBuildConfiguration;
			buildSettings = {
				ASSETCATALOG_COMPILER_APPICON_NAME = AppIcon;
				CODE_SIGN_ENTITLEMENTS = WristComms/WristComms.entitlements;
				CODE_SIGN_IDENTITY = "iPhone Developer";
				"CODE_SIGN_IDENTITY[sdk=iphoneos*]" = "iPhone Developer";
				INFOPLIST_FILE = WristComms/Info.plist;
				LD_RUNPATH_SEARCH_PATHS = "$(inherited) @executable_path/Frameworks";
				PRODUCT_NAME = "$(TARGET_NAME)";
				PROVISIONING_PROFILE = "";
			};
			name = Debug;
		};
		CEB2292F1A2121FE00ED6B81 /* Release */ = {
			isa = XCBuildConfiguration;
			buildSettings = {
				ASSETCATALOG_COMPILER_APPICON_NAME = AppIcon;
				CODE_SIGN_ENTITLEMENTS = WristComms/WristComms.entitlements;
				CODE_SIGN_IDENTITY = "iPhone Developer";
				"CODE_SIGN_IDENTITY[sdk=iphoneos*]" = "iPhone Developer";
				INFOPLIST_FILE = WristComms/Info.plist;
				LD_RUNPATH_SEARCH_PATHS = "$(inherited) @executable_path/Frameworks";
				PRODUCT_NAME = "$(TARGET_NAME)";
				PROVISIONING_PROFILE = "";
			};
			name = Release;
		};
		CEB229311A2121FE00ED6B81 /* Debug */ = {
			isa = XCBuildConfiguration;
			buildSettings = {
				BUNDLE_LOADER = "$(TEST_HOST)";
				FRAMEWORK_SEARCH_PATHS = (
					"$(SDKROOT)/Developer/Library/Frameworks",
					"$(inherited)",
				);
				GCC_PREPROCESSOR_DEFINITIONS = (
					"DEBUG=1",
					"$(inherited)",
				);
				INFOPLIST_FILE = WristCommsTests/Info.plist;
				LD_RUNPATH_SEARCH_PATHS = "$(inherited) @executable_path/Frameworks @loader_path/Frameworks";
				PRODUCT_NAME = "$(TARGET_NAME)";
				TEST_HOST = "$(BUILT_PRODUCTS_DIR)/WristComms.app/WristComms";
			};
			name = Debug;
		};
		CEB229321A2121FE00ED6B81 /* Release */ = {
			isa = XCBuildConfiguration;
			buildSettings = {
				BUNDLE_LOADER = "$(TEST_HOST)";
				FRAMEWORK_SEARCH_PATHS = (
					"$(SDKROOT)/Developer/Library/Frameworks",
					"$(inherited)",
				);
				INFOPLIST_FILE = WristCommsTests/Info.plist;
				LD_RUNPATH_SEARCH_PATHS = "$(inherited) @executable_path/Frameworks @loader_path/Frameworks";
				PRODUCT_NAME = "$(TARGET_NAME)";
				TEST_HOST = "$(BUILT_PRODUCTS_DIR)/WristComms.app/WristComms";
			};
			name = Release;
		};
		CEB229541A21222300ED6B81 /* Debug */ = {
			isa = XCBuildConfiguration;
			buildSettings = {
				ASSETCATALOG_COMPILER_APPICON_NAME = AppIcon;
				ASSETCATALOG_COMPILER_LAUNCHIMAGE_NAME = LaunchImage;
				GCC_PREPROCESSOR_DEFINITIONS = (
					"DEBUG=1",
					"$(inherited)",
				);
				IBSC_MODULE = WristComms_WatchKit_Extension;
				INFOPLIST_FILE = "WristComms Watch App/Info.plist";
				PRODUCT_NAME = "$(TARGET_NAME)";
				SKIP_INSTALL = YES;
				TARGETED_DEVICE_FAMILY = 4;
				"TARGETED_DEVICE_FAMILY[sdk=iphonesimulator*]" = "1,4";
			};
			name = Debug;
		};
		CEB229551A21222300ED6B81 /* Release */ = {
			isa = XCBuildConfiguration;
			buildSettings = {
				ASSETCATALOG_COMPILER_APPICON_NAME = AppIcon;
				ASSETCATALOG_COMPILER_LAUNCHIMAGE_NAME = LaunchImage;
				IBSC_MODULE = WristComms_WatchKit_Extension;
				INFOPLIST_FILE = "WristComms Watch App/Info.plist";
				PRODUCT_NAME = "$(TARGET_NAME)";
				SKIP_INSTALL = YES;
				TARGETED_DEVICE_FAMILY = 4;
				"TARGETED_DEVICE_FAMILY[sdk=iphonesimulator*]" = "1,4";
			};
			name = Release;
		};
		CEB229571A21222300ED6B81 /* Debug */ = {
			isa = XCBuildConfiguration;
			buildSettings = {
				CODE_SIGN_ENTITLEMENTS = "WristComms WatchKit Extension/WristComms WatchKit Extension.entitlements";
				CODE_SIGN_IDENTITY = "iPhone Developer";
				"CODE_SIGN_IDENTITY[sdk=iphoneos*]" = "iPhone Developer";
				GCC_PREPROCESSOR_DEFINITIONS = (
					"DEBUG=1",
					"$(inherited)",
				);
				INFOPLIST_FILE = "WristComms WatchKit Extension/Info.plist";
				LD_RUNPATH_SEARCH_PATHS = "$(inherited) @executable_path/Frameworks @executable_path/../../Frameworks";
				PRODUCT_NAME = "${TARGET_NAME}";
				PROVISIONING_PROFILE = "";
				SKIP_INSTALL = YES;
			};
			name = Debug;
		};
		CEB229581A21222300ED6B81 /* Release */ = {
			isa = XCBuildConfiguration;
			buildSettings = {
				CODE_SIGN_ENTITLEMENTS = "WristComms WatchKit Extension/WristComms WatchKit Extension.entitlements";
				CODE_SIGN_IDENTITY = "iPhone Developer";
				"CODE_SIGN_IDENTITY[sdk=iphoneos*]" = "iPhone Developer";
				INFOPLIST_FILE = "WristComms WatchKit Extension/Info.plist";
				LD_RUNPATH_SEARCH_PATHS = "$(inherited) @executable_path/Frameworks @executable_path/../../Frameworks";
				PRODUCT_NAME = "${TARGET_NAME}";
				PROVISIONING_PROFILE = "";
				SKIP_INSTALL = YES;
			};
			name = Release;
		};
/* End XCBuildConfiguration section */

/* Begin XCConfigurationList section */
		CEB229051A2121FE00ED6B81 /* Build configuration list for PBXProject "WristComms" */ = {
			isa = XCConfigurationList;
			buildConfigurations = (
				CEB2292B1A2121FE00ED6B81 /* Debug */,
				CEB2292C1A2121FE00ED6B81 /* Release */,
			);
			defaultConfigurationIsVisible = 0;
			defaultConfigurationName = Release;
		};
		CEB2292D1A2121FE00ED6B81 /* Build configuration list for PBXNativeTarget "WristComms" */ = {
			isa = XCConfigurationList;
			buildConfigurations = (
				CEB2292E1A2121FE00ED6B81 /* Debug */,
				CEB2292F1A2121FE00ED6B81 /* Release */,
			);
			defaultConfigurationIsVisible = 0;
		};
		CEB229301A2121FE00ED6B81 /* Build configuration list for PBXNativeTarget "WristCommsTests" */ = {
			isa = XCConfigurationList;
			buildConfigurations = (
				CEB229311A2121FE00ED6B81 /* Debug */,
				CEB229321A2121FE00ED6B81 /* Release */,
			);
			defaultConfigurationIsVisible = 0;
		};
		CEB229531A21222300ED6B81 /* Build configuration list for PBXNativeTarget "WristComms Watch App" */ = {
			isa = XCConfigurationList;
			buildConfigurations = (
				CEB229541A21222300ED6B81 /* Debug */,
				CEB229551A21222300ED6B81 /* Release */,
			);
			defaultConfigurationIsVisible = 0;
		};
		CEB229561A21222300ED6B81 /* Build configuration list for PBXNativeTarget "WristComms WatchKit Extension" */ = {
			isa = XCConfigurationList;
			buildConfigurations = (
				CEB229571A21222300ED6B81 /* Debug */,
				CEB229581A21222300ED6B81 /* Release */,
			);
			defaultConfigurationIsVisible = 0;
		};
/* End XCConfigurationList section */
	};
	rootObject = CEB229021A2121FE00ED6B81 /* Project object */;
}
